
Microsoft Visual Studio Solution File, Format Version 12.00
# Visual Studio Version 17
VisualStudioVersion = 17.13.35825.156 d17.13
MinimumVisualStudioVersion = 10.0.40219.1
Project("{FAE04EC0-301F-11D3-BF4B-00C04F79EFBC}") = "ABSTRACCION", "ABSTRACCION\ABSTRACCION.csproj", "{3740DAD7-C8DD-4CB2-8F47-3DC0BC05C681}"
EndProject
Global
	GlobalSection(SolutionConfigurationPlatforms) = preSolution
		Debug|Any CPU = Debug|Any CPU
		Release|Any CPU = Release|Any CPU
	EndGlobalSection
	GlobalSection(ProjectConfigurationPlatforms) = postSolution
		{3740DAD7-C8DD-4CB2-8F47-3DC0BC05C681}.Debug|Any CPU.ActiveCfg = Debug|Any CPU
		{3740DAD7-C8DD-4CB2-8F47-3DC0BC05C681}.Debug|Any CPU.Build.0 = Debug|Any CPU
		{3740DAD7-C8DD-4CB2-8F47-3DC0BC05C681}.Release|Any CPU.ActiveCfg = Release|Any CPU
		{3740DAD7-C8DD-4CB2-8F47-3DC0BC05C681}.Release|Any CPU.Build.0 = Release|Any CPU
	EndGlobalSection
	GlobalSection(SolutionProperties) = preSolution
		HideSolutionNode = FALSE
	EndGlobalSection
	GlobalSection(ExtensibilityGlobals) = postSolution
		SolutionGuid = {3D1CCBF6-B6FC-4885-9CDB-26306275F530}
	EndGlobalSection
EndGlobal
